
Microsoft Visual Studio Solution File, Format Version 12.00
# Visual Studio Version 17
VisualStudioVersion = 17.11.35327.3
MinimumVisualStudioVersion = 10.0.40219.1
Project("{9A19103F-16F7-4668-BE54-9A1E7A4F7556}") = "Ger_Tarefas.API", "Ger_Tarefas.API\Ger_Tarefas.API.csproj", "{65F0ADBF-411F-4205-9A2F-1363B8546754}"
EndProject
Project("{9A19103F-16F7-4668-BE54-9A1E7A4F7556}") = "Ger_Tarefas.Comunication", "Ger_Tarefas.Comunication\Ger_Tarefas.Comunication.csproj", "{E176CC96-C530-4EB1-93EC-91A3D44CFEEC}"
EndProject
Project("{9A19103F-16F7-4668-BE54-9A1E7A4F7556}") = "Ger_Tarefas.Application", "Ger_Tarefas.Application\Ger_Tarefas.Application.csproj", "{39318030-A416-4D43-86E1-6C57C05C0886}"
EndProject
Project("{2150E333-8FDC-42A3-9474-1A3956D46DE8}") = "Solution Items", "Solution Items", "{DF0FC7F1-C488-4809-8634-4F281C30F541}"
	ProjectSection(SolutionItems) = preProject
		.gitignore = .gitignore
	EndProjectSection
EndProject
Global
	GlobalSection(SolutionConfigurationPlatforms) = preSolution
		Debug|Any CPU = Debug|Any CPU
		Release|Any CPU = Release|Any CPU
	EndGlobalSection
	GlobalSection(ProjectConfigurationPlatforms) = postSolution
		{65F0ADBF-411F-4205-9A2F-1363B8546754}.Debug|Any CPU.ActiveCfg = Debug|Any CPU
		{65F0ADBF-411F-4205-9A2F-1363B8546754}.Debug|Any CPU.Build.0 = Debug|Any CPU
		{65F0ADBF-411F-4205-9A2F-1363B8546754}.Release|Any CPU.ActiveCfg = Release|Any CPU
		{65F0ADBF-411F-4205-9A2F-1363B8546754}.Release|Any CPU.Build.0 = Release|Any CPU
		{E176CC96-C530-4EB1-93EC-91A3D44CFEEC}.Debug|Any CPU.ActiveCfg = Debug|Any CPU
		{E176CC96-C530-4EB1-93EC-91A3D44CFEEC}.Debug|Any CPU.Build.0 = Debug|Any CPU
		{E176CC96-C530-4EB1-93EC-91A3D44CFEEC}.Release|Any CPU.ActiveCfg = Release|Any CPU
		{E176CC96-C530-4EB1-93EC-91A3D44CFEEC}.Release|Any CPU.Build.0 = Release|Any CPU
		{39318030-A416-4D43-86E1-6C57C05C0886}.Debug|Any CPU.ActiveCfg = Debug|Any CPU
		{39318030-A416-4D43-86E1-6C57C05C0886}.Debug|Any CPU.Build.0 = Debug|Any CPU
		{39318030-A416-4D43-86E1-6C57C05C0886}.Release|Any CPU.ActiveCfg = Release|Any CPU
		{39318030-A416-4D43-86E1-6C57C05C0886}.Release|Any CPU.Build.0 = Release|Any CPU
	EndGlobalSection
	GlobalSection(SolutionProperties) = preSolution
		HideSolutionNode = FALSE
	EndGlobalSection
	GlobalSection(ExtensibilityGlobals) = postSolution
		SolutionGuid = {E8C69846-E284-4158-BB6A-C74338014AE4}
	EndGlobalSection
EndGlobal
